
Microsoft Visual Studio Solution File, Format Version 12.00
# Visual Studio Version 17
VisualStudioVersion = 17.6.33712.159
MinimumVisualStudioVersion = 10.0.40219.1
Project("{FAE04EC0-301F-11D3-BF4B-00C04F79EFBC}") = "StationaryOrderManagementApp", "StationaryOrderManagementApp.csproj", "{01A41666-1CD5-4CFA-8F9E-CA53864D1092}"
EndProject
Global
	GlobalSection(SolutionConfigurationPlatforms) = preSolution
		Debug|Any CPU = Debug|Any CPU
		Release|Any CPU = Release|Any CPU
	EndGlobalSection
	GlobalSection(ProjectConfigurationPlatforms) = postSolution
		{01A41666-1CD5-4CFA-8F9E-CA53864D1092}.Debug|Any CPU.ActiveCfg = Debug|Any CPU
		{01A41666-1CD5-4CFA-8F9E-CA53864D1092}.Debug|Any CPU.Build.0 = Debug|Any CPU
		{01A41666-1CD5-4CFA-8F9E-CA53864D1092}.Release|Any CPU.ActiveCfg = Release|Any CPU
		{01A41666-1CD5-4CFA-8F9E-CA53864D1092}.Release|Any CPU.Build.0 = Release|Any CPU
	EndGlobalSection
	GlobalSection(SolutionProperties) = preSolution
		HideSolutionNode = FALSE
	EndGlobalSection
	GlobalSection(ExtensibilityGlobals) = postSolution
		SolutionGuid = {FF9FDB59-8567-4F17-990D-A6F85B9EE56A}
	EndGlobalSection
EndGlobal
